
Microsoft Visual Studio Solution File, Format Version 12.00
# Visual Studio Version 17
VisualStudioVersion = 17.14.37411.7 d17.14
MinimumVisualStudioVersion = 10.0.40219.1
Project("{FAE04EC0-301F-11D3-BF4B-00C04F79EFBC}") = "SushiKioskAdmin", "SushiKioskAdmin\SushiKioskAdmin.csproj", "{43F21ED5-8FCF-4BD5-86B4-EFDF9C6605D4}"
EndProject
Global
	GlobalSection(SolutionConfigurationPlatforms) = preSolution
		Debug|Any CPU = Debug|Any CPU
		Release|Any CPU = Release|Any CPU
	EndGlobalSection
	GlobalSection(ProjectConfigurationPlatforms) = postSolution
		{43F21ED5-8FCF-4BD5-86B4-EFDF9C6605D4}.Debug|Any CPU.ActiveCfg = Debug|Any CPU
		{43F21ED5-8FCF-4BD5-86B4-EFDF9C6605D4}.Debug|Any CPU.Build.0 = Debug|Any CPU
		{43F21ED5-8FCF-4BD5-86B4-EFDF9C6605D4}.Release|Any CPU.ActiveCfg = Release|Any CPU
		{43F21ED5-8FCF-4BD5-86B4-EFDF9C6605D4}.Release|Any CPU.Build.0 = Release|Any CPU
	EndGlobalSection
	GlobalSection(SolutionProperties) = preSolution
		HideSolutionNode = FALSE
	EndGlobalSection
	GlobalSection(ExtensibilityGlobals) = postSolution
		SolutionGuid = {4EBF0B76-8AC8-4CA6-B8D0-92719B4E07B0}
	EndGlobalSection
EndGlobal
