
Microsoft Visual Studio Solution File, Format Version 12.00
# Visual Studio Version 17
VisualStudioVersion = 17.14.37516.0 d17.14
MinimumVisualStudioVersion = 10.0.40219.1
Project("{FAE04EC0-301F-11D3-BF4B-00C04F79EFBC}") = "WinFormsApp1", "WinFormsApp1\WinFormsApp1.csproj", "{A574D66A-B2B2-4818-A7C0-C95B3AF4977D}"
EndProject
Global
	GlobalSection(SolutionConfigurationPlatforms) = preSolution
		Debug|Any CPU = Debug|Any CPU
		Release|Any CPU = Release|Any CPU
	EndGlobalSection
	GlobalSection(ProjectConfigurationPlatforms) = postSolution
		{A574D66A-B2B2-4818-A7C0-C95B3AF4977D}.Debug|Any CPU.ActiveCfg = Debug|Any CPU
		{A574D66A-B2B2-4818-A7C0-C95B3AF4977D}.Debug|Any CPU.Build.0 = Debug|Any CPU
		{A574D66A-B2B2-4818-A7C0-C95B3AF4977D}.Release|Any CPU.ActiveCfg = Release|Any CPU
		{A574D66A-B2B2-4818-A7C0-C95B3AF4977D}.Release|Any CPU.Build.0 = Release|Any CPU
	EndGlobalSection
	GlobalSection(SolutionProperties) = preSolution
		HideSolutionNode = FALSE
	EndGlobalSection
	GlobalSection(ExtensibilityGlobals) = postSolution
		SolutionGuid = {83A16F13-EA54-4B0B-B10F-016D8F4F1F8B}
	EndGlobalSection
EndGlobal
