
Microsoft Visual Studio Solution File, Format Version 12.00
# Visual Studio Version 17
VisualStudioVersion = 17.14.37411.7 d17.14
MinimumVisualStudioVersion = 10.0.40219.1
Project("{FAE04EC0-301F-11D3-BF4B-00C04F79EFBC}") = "SushiMobleWaiting", "SushiMobleWaiting\SushiMobleWaiting.csproj", "{3A2A0E88-BB95-4F4A-9773-8A2CF4C07EE4}"
EndProject
Global
	GlobalSection(SolutionConfigurationPlatforms) = preSolution
		Debug|Any CPU = Debug|Any CPU
		Release|Any CPU = Release|Any CPU
	EndGlobalSection
	GlobalSection(ProjectConfigurationPlatforms) = postSolution
		{3A2A0E88-BB95-4F4A-9773-8A2CF4C07EE4}.Debug|Any CPU.ActiveCfg = Debug|Any CPU
		{3A2A0E88-BB95-4F4A-9773-8A2CF4C07EE4}.Debug|Any CPU.Build.0 = Debug|Any CPU
		{3A2A0E88-BB95-4F4A-9773-8A2CF4C07EE4}.Release|Any CPU.ActiveCfg = Release|Any CPU
		{3A2A0E88-BB95-4F4A-9773-8A2CF4C07EE4}.Release|Any CPU.Build.0 = Release|Any CPU
	EndGlobalSection
	GlobalSection(SolutionProperties) = preSolution
		HideSolutionNode = FALSE
	EndGlobalSection
	GlobalSection(ExtensibilityGlobals) = postSolution
		SolutionGuid = {76C5F8F3-358A-4976-9F19-6E8E2B39C04E}
	EndGlobalSection
EndGlobal
